
Microsoft Visual Studio Solution File, Format Version 12.00
# Visual Studio 15
VisualStudioVersion = 15.0.26228.9
MinimumVisualStudioVersion = 10.0.40219.1
Project("{FAE04EC0-301F-11D3-BF4B-00C04F79EFBC}") = "GoM.Core.Abstractions", "GoM.Core.Abstractions\GoM.Core.Abstractions.csproj", "{115F5512-8C4D-41BA-81C7-12B2626BDE57}"
EndProject
Project("{FAE04EC0-301F-11D3-BF4B-00C04F79EFBC}") = "GoM.GitFileProvider", "GoM.GitFileProvider\GoM.GitFileProvider.csproj", "{E3F834CD-0B28-4219-BC37-8F5336F7F5A7}"
EndProject
Project("{FAE04EC0-301F-11D3-BF4B-00C04F79EFBC}") = "GoM.GitFileProvider.Tests", "GoM.GitFileProvider.Tests\GoM.GitFileProvider.Tests.csproj", "{433F6201-C187-4043-998E-227D8AC3C9B6}"
EndProject
Global
	GlobalSection(SolutionConfigurationPlatforms) = preSolution
		Debug|Any CPU = Debug|Any CPU
		Release|Any CPU = Release|Any CPU
	EndGlobalSection
	GlobalSection(ProjectConfigurationPlatforms) = postSolution
		{115F5512-8C4D-41BA-81C7-12B2626BDE57}.Debug|Any CPU.ActiveCfg = Debug|Any CPU
		{115F5512-8C4D-41BA-81C7-12B2626BDE57}.Debug|Any CPU.Build.0 = Debug|Any CPU
		{115F5512-8C4D-41BA-81C7-12B2626BDE57}.Release|Any CPU.ActiveCfg = Release|Any CPU
		{115F5512-8C4D-41BA-81C7-12B2626BDE57}.Release|Any CPU.Build.0 = Release|Any CPU
		{E3F834CD-0B28-4219-BC37-8F5336F7F5A7}.Debug|Any CPU.ActiveCfg = Debug|Any CPU
		{E3F834CD-0B28-4219-BC37-8F5336F7F5A7}.Debug|Any CPU.Build.0 = Debug|Any CPU
		{E3F834CD-0B28-4219-BC37-8F5336F7F5A7}.Release|Any CPU.ActiveCfg = Release|Any CPU
		{E3F834CD-0B28-4219-BC37-8F5336F7F5A7}.Release|Any CPU.Build.0 = Release|Any CPU
		{433F6201-C187-4043-998E-227D8AC3C9B6}.Debug|Any CPU.ActiveCfg = Debug|Any CPU
		{433F6201-C187-4043-998E-227D8AC3C9B6}.Debug|Any CPU.Build.0 = Debug|Any CPU
		{433F6201-C187-4043-998E-227D8AC3C9B6}.Release|Any CPU.ActiveCfg = Release|Any CPU
		{433F6201-C187-4043-998E-227D8AC3C9B6}.Release|Any CPU.Build.0 = Release|Any CPU
	EndGlobalSection
	GlobalSection(SolutionProperties) = preSolution
		HideSolutionNode = FALSE
	EndGlobalSection
EndGlobal
