Microsoft Visual Studio Solution File, Format Version 12.00
# Visual Studio 15
VisualStudioVersion = 15.0.26228.4
MinimumVisualStudioVersion = 10.0.40219.1
Project("{9A19103F-16F7-4668-BE54-9A1E7A4F7556}") = "GoM.Core.Abstractions", "GoM.Core.Abstractions\GoM.Core.Abstractions.csproj", "{115F5512-8C4D-41BA-81C7-12B2626BDE57}"
EndProject
Project("{9A19103F-16F7-4668-BE54-9A1E7A4F7556}") = "GoM.Core.Mutable", "GoM.Core.Mutable\GoM.Core.Mutable.csproj", "{3D88E13C-2486-424C-835A-77735CA198F0}"
EndProject
Project("{2150E333-8FDC-42A3-9474-1A3956D46DE8}") = "Tests", "Tests", "{5F22E8EC-8517-4569-B107-F33869C280A9}"
	ProjectSection(SolutionItems) = preProject
		Tests\CreateSampleRoot.bat = Tests\CreateSampleRoot.bat
	EndProjectSection
EndProject
Project("{9A19103F-16F7-4668-BE54-9A1E7A4F7556}") = "GoM.Core.Mutable.Tests", "Tests\GoM.Core.Mutable.Tests\GoM.Core.Mutable.Tests.csproj", "{98F93F56-F621-4C2B-BF36-8A58A371BDD8}"
EndProject
Project("{9A19103F-16F7-4668-BE54-9A1E7A4F7556}") = "GoM.Core.FSAnalyzer", "GoM.Core.FSAnalyzer\GoM.Core.FSAnalyzer.csproj", "{CF031A5E-68FB-4D50-BB2C-CAA5EF59ED7D}"
EndProject
Project("{9A19103F-16F7-4668-BE54-9A1E7A4F7556}") = "GoM.Core.FsAnalyzer.Tests", "Tests\GoM.Core.FsAnalyzer.Tests\GoM.Core.FsAnalyzer.Tests.csproj", "{3128F15E-0C42-4874-B8FB-8815DD4875A2}"
EndProject
Project("{9A19103F-16F7-4668-BE54-9A1E7A4F7556}") = "GoM.Core.Persistence", "GoM.Core.Persistence\GoM.Core.Persistence.csproj", "{B7B6ADAE-00B5-4FD7-9C78-E0EABA3D5C01}"
EndProject
Project("{FAE04EC0-301F-11D3-BF4B-00C04F79EFBC}") = "GoM.Core.Mutable.Tests", "XUnitTestProject1\GoM.Core.Mutable.Tests.csproj", "{961DE9AF-5741-4ED8-845E-8DB529BF5B17}"
EndProject
Project("{9A19103F-16F7-4668-BE54-9A1E7A4F7556}") = "GoM.Core.Persistence.Tests", "Tests\GoM.Core.Persistence.Tests\GoM.Core.Persistence.Tests.csproj", "{80A59E82-218C-46E9-8E92-225D1725AC7B}"
EndProject
Project("{FAE04EC0-301F-11D3-BF4B-00C04F79EFBC}") = "GoM", "GoM\GoM.csproj", "{FB8541C7-84F2-44AE-AFF9-4425A61E5644}"
EndProject
Project("{9A19103F-16F7-4668-BE54-9A1E7A4F7556}") = "GoM.Core.Immutable", "GoM.Core.Immutable\GoM.Core.Immutable.csproj", "{B410FE1D-E07A-437D-B69E-6F792F1CF536}"
EndProject
Project("{FAE04EC0-301F-11D3-BF4B-00C04F79EFBC}") = "GoM.Core.Immutable.Tests", "Tests\GoM.Core.Immutable.Tests\GoM.Core.Immutable.Tests.csproj", "{12ED410F-387B-4F39-A21F-A8B5564510F9}"
EndProject
Global
	GlobalSection(SolutionConfigurationPlatforms) = preSolution
		Debug|Any CPU = Debug|Any CPU
		Release|Any CPU = Release|Any CPU
	EndGlobalSection
	GlobalSection(ProjectConfigurationPlatforms) = postSolution
		{115F5512-8C4D-41BA-81C7-12B2626BDE57}.Debug|Any CPU.ActiveCfg = Debug|Any CPU
		{115F5512-8C4D-41BA-81C7-12B2626BDE57}.Debug|Any CPU.Build.0 = Debug|Any CPU
		{115F5512-8C4D-41BA-81C7-12B2626BDE57}.Release|Any CPU.ActiveCfg = Release|Any CPU
		{115F5512-8C4D-41BA-81C7-12B2626BDE57}.Release|Any CPU.Build.0 = Release|Any CPU
		{3D88E13C-2486-424C-835A-77735CA198F0}.Debug|Any CPU.ActiveCfg = Debug|Any CPU
		{3D88E13C-2486-424C-835A-77735CA198F0}.Debug|Any CPU.Build.0 = Debug|Any CPU
		{3D88E13C-2486-424C-835A-77735CA198F0}.Release|Any CPU.ActiveCfg = Release|Any CPU
		{3D88E13C-2486-424C-835A-77735CA198F0}.Release|Any CPU.Build.0 = Release|Any CPU
		{98F93F56-F621-4C2B-BF36-8A58A371BDD8}.Debug|Any CPU.ActiveCfg = Debug|Any CPU
		{98F93F56-F621-4C2B-BF36-8A58A371BDD8}.Debug|Any CPU.Build.0 = Debug|Any CPU
		{98F93F56-F621-4C2B-BF36-8A58A371BDD8}.Release|Any CPU.ActiveCfg = Release|Any CPU
		{98F93F56-F621-4C2B-BF36-8A58A371BDD8}.Release|Any CPU.Build.0 = Release|Any CPU
		{CF031A5E-68FB-4D50-BB2C-CAA5EF59ED7D}.Debug|Any CPU.ActiveCfg = Debug|Any CPU
		{CF031A5E-68FB-4D50-BB2C-CAA5EF59ED7D}.Debug|Any CPU.Build.0 = Debug|Any CPU
		{CF031A5E-68FB-4D50-BB2C-CAA5EF59ED7D}.Release|Any CPU.ActiveCfg = Release|Any CPU
		{CF031A5E-68FB-4D50-BB2C-CAA5EF59ED7D}.Release|Any CPU.Build.0 = Release|Any CPU
		{3128F15E-0C42-4874-B8FB-8815DD4875A2}.Debug|Any CPU.ActiveCfg = Debug|Any CPU
		{3128F15E-0C42-4874-B8FB-8815DD4875A2}.Debug|Any CPU.Build.0 = Debug|Any CPU
		{3128F15E-0C42-4874-B8FB-8815DD4875A2}.Release|Any CPU.ActiveCfg = Release|Any CPU
		{3128F15E-0C42-4874-B8FB-8815DD4875A2}.Release|Any CPU.Build.0 = Release|Any CPU
	EndGlobalSection
	GlobalSection(SolutionProperties) = preSolution
		HideSolutionNode = FALSE
	EndGlobalSection
	GlobalSection(NestedProjects) = preSolution
		{98F93F56-F621-4C2B-BF36-8A58A371BDD8} = {5F22E8EC-8517-4569-B107-F33869C280A9}
		{3128F15E-0C42-4874-B8FB-8815DD4875A2} = {5F22E8EC-8517-4569-B107-F33869C280A9}
	EndGlobalSection
EndGlobal
