
Microsoft Visual Studio Solution File, Format Version 12.00
# Visual Studio 15
VisualStudioVersion = 15.0.26430.4
MinimumVisualStudioVersion = 10.0.40219.1
Project("{9A19103F-16F7-4668-BE54-9A1E7A4F7556}") = "GoM.Core.Abstractions", "GoM.Core.Abstractions\GoM.Core.Abstractions.csproj", "{115F5512-8C4D-41BA-81C7-12B2626BDE57}"
EndProject
Project("{9A19103F-16F7-4668-BE54-9A1E7A4F7556}") = "GoM.Core.Mutable", "GoM.Core.Mutable\GoM.Core.Mutable.csproj", "{3D88E13C-2486-424C-835A-77735CA198F0}"
EndProject
Project("{9A19103F-16F7-4668-BE54-9A1E7A4F7556}") = "GoM.Core.Persistence", "GoM.Core.Persistence\GoM.Core.Persistence.csproj", "{B7B6ADAE-00B5-4FD7-9C78-E0EABA3D5C01}"
EndProject
Project("{9A19103F-16F7-4668-BE54-9A1E7A4F7556}") = "GoM.Core.Persistence.Tests", "Tests\GoM.Core.Persistence.Tests\GoM.Core.Persistence.Tests.csproj", "{80A59E82-218C-46E9-8E92-225D1725AC7B}"
EndProject
Project("{9A19103F-16F7-4668-BE54-9A1E7A4F7556}") = "GoM", "GoM\GoM.csproj", "{FB8541C7-84F2-44AE-AFF9-4425A61E5644}"
EndProject
Project("{9A19103F-16F7-4668-BE54-9A1E7A4F7556}") = "GoM.Core.Immutable", "GoM.Core.Immutable\GoM.Core.Immutable.csproj", "{B410FE1D-E07A-437D-B69E-6F792F1CF536}"
EndProject
Project("{9A19103F-16F7-4668-BE54-9A1E7A4F7556}") = "GoM.Core.Immutable.Tests", "Tests\GoM.Core.Immutable.Tests\GoM.Core.Immutable.Tests.csproj", "{12ED410F-387B-4F39-A21F-A8B5564510F9}"
EndProject
Project("{2150E333-8FDC-42A3-9474-1A3956D46DE8}") = "Tests", "Tests", "{6E0FFF64-CE81-4780-AB0E-AA0CE73EF9F6}"
EndProject
Project("{9A19103F-16F7-4668-BE54-9A1E7A4F7556}") = "GoM.Core.Mutable.Tests", "Tests\GoM.Core.Mutable.Tests\GoM.Core.Mutable.Tests.csproj", "{61607694-427B-421A-B1F6-1B0A1DF98996}"
EndProject
Project("{9A19103F-16F7-4668-BE54-9A1E7A4F7556}") = "GoM.Feeds", "GoM.Feeds\GoM.Feeds.csproj", "{7B7EC33A-A03E-4B8B-8F5A-84C6E9401CDE}"
EndProject
Project("{9A19103F-16F7-4668-BE54-9A1E7A4F7556}") = "GoM.Feeds.Tests", "Tests\GoM.Feeds.Tests\GoM.Feeds.Tests.csproj", "{1D4AC01B-8705-4A40-9464-0A3506F70E85}"
EndProject
Global
	GlobalSection(SolutionConfigurationPlatforms) = preSolution
		Debug|Any CPU = Debug|Any CPU
		Debug|ARM = Debug|ARM
		Debug|x64 = Debug|x64
		Debug|x86 = Debug|x86
		Release|Any CPU = Release|Any CPU
		Release|ARM = Release|ARM
		Release|x64 = Release|x64
		Release|x86 = Release|x86
	EndGlobalSection
	GlobalSection(ProjectConfigurationPlatforms) = postSolution
		{115F5512-8C4D-41BA-81C7-12B2626BDE57}.Debug|Any CPU.ActiveCfg = Debug|Any CPU
		{115F5512-8C4D-41BA-81C7-12B2626BDE57}.Debug|Any CPU.Build.0 = Debug|Any CPU
		{115F5512-8C4D-41BA-81C7-12B2626BDE57}.Debug|ARM.ActiveCfg = Debug|Any CPU
		{115F5512-8C4D-41BA-81C7-12B2626BDE57}.Debug|ARM.Build.0 = Debug|Any CPU
		{115F5512-8C4D-41BA-81C7-12B2626BDE57}.Debug|x64.ActiveCfg = Debug|Any CPU
		{115F5512-8C4D-41BA-81C7-12B2626BDE57}.Debug|x64.Build.0 = Debug|Any CPU
		{115F5512-8C4D-41BA-81C7-12B2626BDE57}.Debug|x86.ActiveCfg = Debug|Any CPU
		{115F5512-8C4D-41BA-81C7-12B2626BDE57}.Debug|x86.Build.0 = Debug|Any CPU
		{115F5512-8C4D-41BA-81C7-12B2626BDE57}.Release|Any CPU.ActiveCfg = Release|Any CPU
		{115F5512-8C4D-41BA-81C7-12B2626BDE57}.Release|Any CPU.Build.0 = Release|Any CPU
		{115F5512-8C4D-41BA-81C7-12B2626BDE57}.Release|ARM.ActiveCfg = Release|Any CPU
		{115F5512-8C4D-41BA-81C7-12B2626BDE57}.Release|ARM.Build.0 = Release|Any CPU
		{115F5512-8C4D-41BA-81C7-12B2626BDE57}.Release|x64.ActiveCfg = Release|Any CPU
		{115F5512-8C4D-41BA-81C7-12B2626BDE57}.Release|x64.Build.0 = Release|Any CPU
		{115F5512-8C4D-41BA-81C7-12B2626BDE57}.Release|x86.ActiveCfg = Release|Any CPU
		{115F5512-8C4D-41BA-81C7-12B2626BDE57}.Release|x86.Build.0 = Release|Any CPU
		{3D88E13C-2486-424C-835A-77735CA198F0}.Debug|Any CPU.ActiveCfg = Debug|Any CPU
		{3D88E13C-2486-424C-835A-77735CA198F0}.Debug|Any CPU.Build.0 = Debug|Any CPU
		{3D88E13C-2486-424C-835A-77735CA198F0}.Debug|ARM.ActiveCfg = Debug|Any CPU
		{3D88E13C-2486-424C-835A-77735CA198F0}.Debug|ARM.Build.0 = Debug|Any CPU
		{3D88E13C-2486-424C-835A-77735CA198F0}.Debug|x64.ActiveCfg = Debug|Any CPU
		{3D88E13C-2486-424C-835A-77735CA198F0}.Debug|x64.Build.0 = Debug|Any CPU
		{3D88E13C-2486-424C-835A-77735CA198F0}.Debug|x86.ActiveCfg = Debug|Any CPU
		{3D88E13C-2486-424C-835A-77735CA198F0}.Debug|x86.Build.0 = Debug|Any CPU
		{3D88E13C-2486-424C-835A-77735CA198F0}.Release|Any CPU.ActiveCfg = Release|Any CPU
		{3D88E13C-2486-424C-835A-77735CA198F0}.Release|Any CPU.Build.0 = Release|Any CPU
		{3D88E13C-2486-424C-835A-77735CA198F0}.Release|ARM.ActiveCfg = Release|Any CPU
		{3D88E13C-2486-424C-835A-77735CA198F0}.Release|ARM.Build.0 = Release|Any CPU
		{3D88E13C-2486-424C-835A-77735CA198F0}.Release|x64.ActiveCfg = Release|Any CPU
		{3D88E13C-2486-424C-835A-77735CA198F0}.Release|x64.Build.0 = Release|Any CPU
		{3D88E13C-2486-424C-835A-77735CA198F0}.Release|x86.ActiveCfg = Release|Any CPU
		{3D88E13C-2486-424C-835A-77735CA198F0}.Release|x86.Build.0 = Release|Any CPU
		{B7B6ADAE-00B5-4FD7-9C78-E0EABA3D5C01}.Debug|Any CPU.ActiveCfg = Debug|Any CPU
		{B7B6ADAE-00B5-4FD7-9C78-E0EABA3D5C01}.Debug|Any CPU.Build.0 = Debug|Any CPU
		{B7B6ADAE-00B5-4FD7-9C78-E0EABA3D5C01}.Debug|ARM.ActiveCfg = Debug|Any CPU
		{B7B6ADAE-00B5-4FD7-9C78-E0EABA3D5C01}.Debug|ARM.Build.0 = Debug|Any CPU
		{B7B6ADAE-00B5-4FD7-9C78-E0EABA3D5C01}.Debug|x64.ActiveCfg = Debug|Any CPU
		{B7B6ADAE-00B5-4FD7-9C78-E0EABA3D5C01}.Debug|x64.Build.0 = Debug|Any CPU
		{B7B6ADAE-00B5-4FD7-9C78-E0EABA3D5C01}.Debug|x86.ActiveCfg = Debug|Any CPU
		{B7B6ADAE-00B5-4FD7-9C78-E0EABA3D5C01}.Debug|x86.Build.0 = Debug|Any CPU
		{B7B6ADAE-00B5-4FD7-9C78-E0EABA3D5C01}.Release|Any CPU.ActiveCfg = Release|Any CPU
		{B7B6ADAE-00B5-4FD7-9C78-E0EABA3D5C01}.Release|Any CPU.Build.0 = Release|Any CPU
		{B7B6ADAE-00B5-4FD7-9C78-E0EABA3D5C01}.Release|ARM.ActiveCfg = Release|Any CPU
		{B7B6ADAE-00B5-4FD7-9C78-E0EABA3D5C01}.Release|ARM.Build.0 = Release|Any CPU
		{B7B6ADAE-00B5-4FD7-9C78-E0EABA3D5C01}.Release|x64.ActiveCfg = Release|Any CPU
		{B7B6ADAE-00B5-4FD7-9C78-E0EABA3D5C01}.Release|x64.Build.0 = Release|Any CPU
		{B7B6ADAE-00B5-4FD7-9C78-E0EABA3D5C01}.Release|x86.ActiveCfg = Release|Any CPU
		{B7B6ADAE-00B5-4FD7-9C78-E0EABA3D5C01}.Release|x86.Build.0 = Release|Any CPU
		{80A59E82-218C-46E9-8E92-225D1725AC7B}.Debug|Any CPU.ActiveCfg = Debug|Any CPU
		{80A59E82-218C-46E9-8E92-225D1725AC7B}.Debug|Any CPU.Build.0 = Debug|Any CPU
		{80A59E82-218C-46E9-8E92-225D1725AC7B}.Debug|ARM.ActiveCfg = Debug|Any CPU
		{80A59E82-218C-46E9-8E92-225D1725AC7B}.Debug|ARM.Build.0 = Debug|Any CPU
		{80A59E82-218C-46E9-8E92-225D1725AC7B}.Debug|x64.ActiveCfg = Debug|Any CPU
		{80A59E82-218C-46E9-8E92-225D1725AC7B}.Debug|x64.Build.0 = Debug|Any CPU
		{80A59E82-218C-46E9-8E92-225D1725AC7B}.Debug|x86.ActiveCfg = Debug|Any CPU
		{80A59E82-218C-46E9-8E92-225D1725AC7B}.Debug|x86.Build.0 = Debug|Any CPU
		{80A59E82-218C-46E9-8E92-225D1725AC7B}.Release|Any CPU.ActiveCfg = Release|Any CPU
		{80A59E82-218C-46E9-8E92-225D1725AC7B}.Release|Any CPU.Build.0 = Release|Any CPU
		{80A59E82-218C-46E9-8E92-225D1725AC7B}.Release|ARM.ActiveCfg = Release|Any CPU
		{80A59E82-218C-46E9-8E92-225D1725AC7B}.Release|ARM.Build.0 = Release|Any CPU
		{80A59E82-218C-46E9-8E92-225D1725AC7B}.Release|x64.ActiveCfg = Release|Any CPU
		{80A59E82-218C-46E9-8E92-225D1725AC7B}.Release|x64.Build.0 = Release|Any CPU
		{80A59E82-218C-46E9-8E92-225D1725AC7B}.Release|x86.ActiveCfg = Release|Any CPU
		{80A59E82-218C-46E9-8E92-225D1725AC7B}.Release|x86.Build.0 = Release|Any CPU
		{FB8541C7-84F2-44AE-AFF9-4425A61E5644}.Debug|Any CPU.ActiveCfg = Debug|Any CPU
		{FB8541C7-84F2-44AE-AFF9-4425A61E5644}.Debug|Any CPU.Build.0 = Debug|Any CPU
		{FB8541C7-84F2-44AE-AFF9-4425A61E5644}.Debug|ARM.ActiveCfg = Debug|Any CPU
		{FB8541C7-84F2-44AE-AFF9-4425A61E5644}.Debug|ARM.Build.0 = Debug|Any CPU
		{FB8541C7-84F2-44AE-AFF9-4425A61E5644}.Debug|x64.ActiveCfg = Debug|Any CPU
		{FB8541C7-84F2-44AE-AFF9-4425A61E5644}.Debug|x64.Build.0 = Debug|Any CPU
		{FB8541C7-84F2-44AE-AFF9-4425A61E5644}.Debug|x86.ActiveCfg = Debug|Any CPU
		{FB8541C7-84F2-44AE-AFF9-4425A61E5644}.Debug|x86.Build.0 = Debug|Any CPU
		{FB8541C7-84F2-44AE-AFF9-4425A61E5644}.Release|Any CPU.ActiveCfg = Release|Any CPU
		{FB8541C7-84F2-44AE-AFF9-4425A61E5644}.Release|Any CPU.Build.0 = Release|Any CPU
		{FB8541C7-84F2-44AE-AFF9-4425A61E5644}.Release|ARM.ActiveCfg = Release|Any CPU
		{FB8541C7-84F2-44AE-AFF9-4425A61E5644}.Release|ARM.Build.0 = Release|Any CPU
		{FB8541C7-84F2-44AE-AFF9-4425A61E5644}.Release|x64.ActiveCfg = Release|Any CPU
		{FB8541C7-84F2-44AE-AFF9-4425A61E5644}.Release|x64.Build.0 = Release|Any CPU
		{FB8541C7-84F2-44AE-AFF9-4425A61E5644}.Release|x86.ActiveCfg = Release|Any CPU
		{FB8541C7-84F2-44AE-AFF9-4425A61E5644}.Release|x86.Build.0 = Release|Any CPU
		{B410FE1D-E07A-437D-B69E-6F792F1CF536}.Debug|Any CPU.ActiveCfg = Debug|Any CPU
		{B410FE1D-E07A-437D-B69E-6F792F1CF536}.Debug|Any CPU.Build.0 = Debug|Any CPU
		{B410FE1D-E07A-437D-B69E-6F792F1CF536}.Debug|ARM.ActiveCfg = Debug|Any CPU
		{B410FE1D-E07A-437D-B69E-6F792F1CF536}.Debug|ARM.Build.0 = Debug|Any CPU
		{B410FE1D-E07A-437D-B69E-6F792F1CF536}.Debug|x64.ActiveCfg = Debug|Any CPU
		{B410FE1D-E07A-437D-B69E-6F792F1CF536}.Debug|x64.Build.0 = Debug|Any CPU
		{B410FE1D-E07A-437D-B69E-6F792F1CF536}.Debug|x86.ActiveCfg = Debug|Any CPU
		{B410FE1D-E07A-437D-B69E-6F792F1CF536}.Debug|x86.Build.0 = Debug|Any CPU
		{B410FE1D-E07A-437D-B69E-6F792F1CF536}.Release|Any CPU.ActiveCfg = Release|Any CPU
		{B410FE1D-E07A-437D-B69E-6F792F1CF536}.Release|Any CPU.Build.0 = Release|Any CPU
		{B410FE1D-E07A-437D-B69E-6F792F1CF536}.Release|ARM.ActiveCfg = Release|Any CPU
		{B410FE1D-E07A-437D-B69E-6F792F1CF536}.Release|ARM.Build.0 = Release|Any CPU
		{B410FE1D-E07A-437D-B69E-6F792F1CF536}.Release|x64.ActiveCfg = Release|Any CPU
		{B410FE1D-E07A-437D-B69E-6F792F1CF536}.Release|x64.Build.0 = Release|Any CPU
		{B410FE1D-E07A-437D-B69E-6F792F1CF536}.Release|x86.ActiveCfg = Release|Any CPU
		{B410FE1D-E07A-437D-B69E-6F792F1CF536}.Release|x86.Build.0 = Release|Any CPU
		{12ED410F-387B-4F39-A21F-A8B5564510F9}.Debug|Any CPU.ActiveCfg = Debug|Any CPU
		{12ED410F-387B-4F39-A21F-A8B5564510F9}.Debug|Any CPU.Build.0 = Debug|Any CPU
		{12ED410F-387B-4F39-A21F-A8B5564510F9}.Debug|ARM.ActiveCfg = Debug|Any CPU
		{12ED410F-387B-4F39-A21F-A8B5564510F9}.Debug|ARM.Build.0 = Debug|Any CPU
		{12ED410F-387B-4F39-A21F-A8B5564510F9}.Debug|x64.ActiveCfg = Debug|Any CPU
		{12ED410F-387B-4F39-A21F-A8B5564510F9}.Debug|x64.Build.0 = Debug|Any CPU
		{12ED410F-387B-4F39-A21F-A8B5564510F9}.Debug|x86.ActiveCfg = Debug|Any CPU
		{12ED410F-387B-4F39-A21F-A8B5564510F9}.Debug|x86.Build.0 = Debug|Any CPU
		{12ED410F-387B-4F39-A21F-A8B5564510F9}.Release|Any CPU.ActiveCfg = Release|Any CPU
		{12ED410F-387B-4F39-A21F-A8B5564510F9}.Release|Any CPU.Build.0 = Release|Any CPU
		{12ED410F-387B-4F39-A21F-A8B5564510F9}.Release|ARM.ActiveCfg = Release|Any CPU
		{12ED410F-387B-4F39-A21F-A8B5564510F9}.Release|ARM.Build.0 = Release|Any CPU
		{12ED410F-387B-4F39-A21F-A8B5564510F9}.Release|x64.ActiveCfg = Release|Any CPU
		{12ED410F-387B-4F39-A21F-A8B5564510F9}.Release|x64.Build.0 = Release|Any CPU
		{12ED410F-387B-4F39-A21F-A8B5564510F9}.Release|x86.ActiveCfg = Release|Any CPU
		{12ED410F-387B-4F39-A21F-A8B5564510F9}.Release|x86.Build.0 = Release|Any CPU
		{61607694-427B-421A-B1F6-1B0A1DF98996}.Debug|Any CPU.ActiveCfg = Debug|Any CPU
		{61607694-427B-421A-B1F6-1B0A1DF98996}.Debug|Any CPU.Build.0 = Debug|Any CPU
		{61607694-427B-421A-B1F6-1B0A1DF98996}.Debug|ARM.ActiveCfg = Debug|Any CPU
		{61607694-427B-421A-B1F6-1B0A1DF98996}.Debug|ARM.Build.0 = Debug|Any CPU
		{61607694-427B-421A-B1F6-1B0A1DF98996}.Debug|x64.ActiveCfg = Debug|Any CPU
		{61607694-427B-421A-B1F6-1B0A1DF98996}.Debug|x64.Build.0 = Debug|Any CPU
		{61607694-427B-421A-B1F6-1B0A1DF98996}.Debug|x86.ActiveCfg = Debug|Any CPU
		{61607694-427B-421A-B1F6-1B0A1DF98996}.Debug|x86.Build.0 = Debug|Any CPU
		{61607694-427B-421A-B1F6-1B0A1DF98996}.Release|Any CPU.ActiveCfg = Release|Any CPU
		{61607694-427B-421A-B1F6-1B0A1DF98996}.Release|Any CPU.Build.0 = Release|Any CPU
		{61607694-427B-421A-B1F6-1B0A1DF98996}.Release|ARM.ActiveCfg = Release|Any CPU
		{61607694-427B-421A-B1F6-1B0A1DF98996}.Release|ARM.Build.0 = Release|Any CPU
		{61607694-427B-421A-B1F6-1B0A1DF98996}.Release|x64.ActiveCfg = Release|Any CPU
		{61607694-427B-421A-B1F6-1B0A1DF98996}.Release|x64.Build.0 = Release|Any CPU
		{61607694-427B-421A-B1F6-1B0A1DF98996}.Release|x86.ActiveCfg = Release|Any CPU
		{61607694-427B-421A-B1F6-1B0A1DF98996}.Release|x86.Build.0 = Release|Any CPU
		{7B7EC33A-A03E-4B8B-8F5A-84C6E9401CDE}.Debug|Any CPU.ActiveCfg = Debug|Any CPU
		{7B7EC33A-A03E-4B8B-8F5A-84C6E9401CDE}.Debug|Any CPU.Build.0 = Debug|Any CPU
		{7B7EC33A-A03E-4B8B-8F5A-84C6E9401CDE}.Debug|ARM.ActiveCfg = Debug|Any CPU
		{7B7EC33A-A03E-4B8B-8F5A-84C6E9401CDE}.Debug|ARM.Build.0 = Debug|Any CPU
		{7B7EC33A-A03E-4B8B-8F5A-84C6E9401CDE}.Debug|x64.ActiveCfg = Debug|Any CPU
		{7B7EC33A-A03E-4B8B-8F5A-84C6E9401CDE}.Debug|x64.Build.0 = Debug|Any CPU
		{7B7EC33A-A03E-4B8B-8F5A-84C6E9401CDE}.Debug|x86.ActiveCfg = Debug|Any CPU
		{7B7EC33A-A03E-4B8B-8F5A-84C6E9401CDE}.Debug|x86.Build.0 = Debug|Any CPU
		{7B7EC33A-A03E-4B8B-8F5A-84C6E9401CDE}.Release|Any CPU.ActiveCfg = Release|Any CPU
		{7B7EC33A-A03E-4B8B-8F5A-84C6E9401CDE}.Release|Any CPU.Build.0 = Release|Any CPU
		{7B7EC33A-A03E-4B8B-8F5A-84C6E9401CDE}.Release|ARM.ActiveCfg = Release|Any CPU
		{7B7EC33A-A03E-4B8B-8F5A-84C6E9401CDE}.Release|ARM.Build.0 = Release|Any CPU
		{7B7EC33A-A03E-4B8B-8F5A-84C6E9401CDE}.Release|x64.ActiveCfg = Release|Any CPU
		{7B7EC33A-A03E-4B8B-8F5A-84C6E9401CDE}.Release|x64.Build.0 = Release|Any CPU
		{7B7EC33A-A03E-4B8B-8F5A-84C6E9401CDE}.Release|x86.ActiveCfg = Release|Any CPU
		{7B7EC33A-A03E-4B8B-8F5A-84C6E9401CDE}.Release|x86.Build.0 = Release|Any CPU
		{1D4AC01B-8705-4A40-9464-0A3506F70E85}.Debug|Any CPU.ActiveCfg = Debug|Any CPU
		{1D4AC01B-8705-4A40-9464-0A3506F70E85}.Debug|Any CPU.Build.0 = Debug|Any CPU
		{1D4AC01B-8705-4A40-9464-0A3506F70E85}.Debug|ARM.ActiveCfg = Debug|Any CPU
		{1D4AC01B-8705-4A40-9464-0A3506F70E85}.Debug|ARM.Build.0 = Debug|Any CPU
		{1D4AC01B-8705-4A40-9464-0A3506F70E85}.Debug|x64.ActiveCfg = Debug|Any CPU
		{1D4AC01B-8705-4A40-9464-0A3506F70E85}.Debug|x64.Build.0 = Debug|Any CPU
		{1D4AC01B-8705-4A40-9464-0A3506F70E85}.Debug|x86.ActiveCfg = Debug|Any CPU
		{1D4AC01B-8705-4A40-9464-0A3506F70E85}.Debug|x86.Build.0 = Debug|Any CPU
		{1D4AC01B-8705-4A40-9464-0A3506F70E85}.Release|Any CPU.ActiveCfg = Release|Any CPU
		{1D4AC01B-8705-4A40-9464-0A3506F70E85}.Release|Any CPU.Build.0 = Release|Any CPU
		{1D4AC01B-8705-4A40-9464-0A3506F70E85}.Release|ARM.ActiveCfg = Release|Any CPU
		{1D4AC01B-8705-4A40-9464-0A3506F70E85}.Release|ARM.Build.0 = Release|Any CPU
		{1D4AC01B-8705-4A40-9464-0A3506F70E85}.Release|x64.ActiveCfg = Release|Any CPU
		{1D4AC01B-8705-4A40-9464-0A3506F70E85}.Release|x64.Build.0 = Release|Any CPU
		{1D4AC01B-8705-4A40-9464-0A3506F70E85}.Release|x86.ActiveCfg = Release|Any CPU
		{1D4AC01B-8705-4A40-9464-0A3506F70E85}.Release|x86.Build.0 = Release|Any CPU
	EndGlobalSection
	GlobalSection(SolutionProperties) = preSolution
		HideSolutionNode = FALSE
	EndGlobalSection
	GlobalSection(NestedProjects) = preSolution
		{80A59E82-218C-46E9-8E92-225D1725AC7B} = {6E0FFF64-CE81-4780-AB0E-AA0CE73EF9F6}
		{12ED410F-387B-4F39-A21F-A8B5564510F9} = {6E0FFF64-CE81-4780-AB0E-AA0CE73EF9F6}
		{61607694-427B-421A-B1F6-1B0A1DF98996} = {6E0FFF64-CE81-4780-AB0E-AA0CE73EF9F6}
		{1D4AC01B-8705-4A40-9464-0A3506F70E85} = {6E0FFF64-CE81-4780-AB0E-AA0CE73EF9F6}
	EndGlobalSection
EndGlobal
